
Microsoft Visual Studio Solution File, Format Version 12.00
# Visual Studio Version 17
VisualStudioVersion = 17.8.34309.116
MinimumVisualStudioVersion = 10.0.40219.1
Project("{FAE04EC0-301F-11D3-BF4B-00C04F79EFBC}") = "Prime Number Program in C#", "Prime Number Program in C#\Prime Number Program in C#.csproj", "{2427C792-DFBF-4E55-8E37-A9544C58E50E}"
EndProject
Global
	GlobalSection(SolutionConfigurationPlatforms) = preSolution
		Debug|Any CPU = Debug|Any CPU
		Release|Any CPU = Release|Any CPU
	EndGlobalSection
	GlobalSection(ProjectConfigurationPlatforms) = postSolution
		{2427C792-DFBF-4E55-8E37-A9544C58E50E}.Debug|Any CPU.ActiveCfg = Debug|Any CPU
		{2427C792-DFBF-4E55-8E37-A9544C58E50E}.Debug|Any CPU.Build.0 = Debug|Any CPU
		{2427C792-DFBF-4E55-8E37-A9544C58E50E}.Release|Any CPU.ActiveCfg = Release|Any CPU
		{2427C792-DFBF-4E55-8E37-A9544C58E50E}.Release|Any CPU.Build.0 = Release|Any CPU
	EndGlobalSection
	GlobalSection(SolutionProperties) = preSolution
		HideSolutionNode = FALSE
	EndGlobalSection
	GlobalSection(ExtensibilityGlobals) = postSolution
		SolutionGuid = {D274B821-EB68-44C1-A5FD-33FB20A9553D}
	EndGlobalSection
EndGlobal
